// !$*UTF8*$!
{
	archiveVersion = 1;
	classes = {
	};
	objectVersion = 56;
	objects = {

/* Begin PBXBuildFile section */
		56A45F852BA1B31A00E2B5FB /* AppDelegate.swift in Sources */ = {isa = PBXBuildFile; fileRef = 56A45F842BA1B31A00E2B5FB /* AppDelegate.swift */; };
		56A45F872BA1B31A00E2B5FB /* SceneDelegate.swift in Sources */ = {isa = PBXBuildFile; fileRef = 56A45F862BA1B31A00E2B5FB /* SceneDelegate.swift */; };
		56A45F892BA1B31A00E2B5FB /* MainView.swift in Sources */ = {isa = PBXBuildFile; fileRef = 56A45F882BA1B31A00E2B5FB /* MainView.swift */; };
		56A45F8C2BA1B31A00E2B5FB /* Main.storyboard in Resources */ = {isa = PBXBuildFile; fileRef = 56A45F8A2BA1B31A00E2B5FB /* Main.storyboard */; };
		56A45F8E2BA1B31D00E2B5FB /* Assets.xcassets in Resources */ = {isa = PBXBuildFile; fileRef = 56A45F8D2BA1B31D00E2B5FB /* Assets.xcassets */; };
		56A45F912BA1B31D00E2B5FB /* LaunchScreen.storyboard in Resources */ = {isa = PBXBuildFile; fileRef = 56A45F8F2BA1B31D00E2B5FB /* LaunchScreen.storyboard */; };
		56A45F992BA1B94600E2B5FB /* PlanView.swift in Sources */ = {isa = PBXBuildFile; fileRef = 56A45F982BA1B94600E2B5FB /* PlanView.swift */; };
		56A45F9F2BA1BF0C00E2B5FB /* DetailView.swift in Sources */ = {isa = PBXBuildFile; fileRef = 56A45F9E2BA1BF0C00E2B5FB /* DetailView.swift */; };
		56A45FA42BA1C0FA00E2B5FB /* MainViewModel.swift in Sources */ = {isa = PBXBuildFile; fileRef = 56A45FA32BA1C0FA00E2B5FB /* MainViewModel.swift */; };
		56A45FA62BA1C10700E2B5FB /* DetailViewModel.swift in Sources */ = {isa = PBXBuildFile; fileRef = 56A45FA52BA1C10700E2B5FB /* DetailViewModel.swift */; };
		56A45FA82BA1C10F00E2B5FB /* PlanViewModel.swift in Sources */ = {isa = PBXBuildFile; fileRef = 56A45FA72BA1C10F00E2B5FB /* PlanViewModel.swift */; };
		56A45FAA2BA1C16600E2B5FB /* Repository.swift in Sources */ = {isa = PBXBuildFile; fileRef = 56A45FA92BA1C16600E2B5FB /* Repository.swift */; };
		56A45FAC2BA1C17500E2B5FB /* Entity.swift in Sources */ = {isa = PBXBuildFile; fileRef = 56A45FAB2BA1C17500E2B5FB /* Entity.swift */; };
		56A45FBB2BA1C32900E2B5FB /* FMDatabaseQueue.m in Sources */ = {isa = PBXBuildFile; fileRef = 56A45FB02BA1C32800E2B5FB /* FMDatabaseQueue.m */; };
		56A45FBC2BA1C32900E2B5FB /* FMResultSet.m in Sources */ = {isa = PBXBuildFile; fileRef = 56A45FB12BA1C32800E2B5FB /* FMResultSet.m */; };
		56A45FBD2BA1C32900E2B5FB /* FMDatabase.m in Sources */ = {isa = PBXBuildFile; fileRef = 56A45FB22BA1C32800E2B5FB /* FMDatabase.m */; };
		56A45FBE2BA1C32900E2B5FB /* FMDatabasePool.m in Sources */ = {isa = PBXBuildFile; fileRef = 56A45FB92BA1C32900E2B5FB /* FMDatabasePool.m */; };
		56A45FBF2BA1C32900E2B5FB /* FMDatabaseAdditions.m in Sources */ = {isa = PBXBuildFile; fileRef = 56A45FBA2BA1C32900E2B5FB /* FMDatabaseAdditions.m */; };
		56A45FC12BA1C37400E2B5FB /* todo.sqlite in Resources */ = {isa = PBXBuildFile; fileRef = 56A45FC02BA1C37400E2B5FB /* todo.sqlite */; };
		56A45FCE2BA1C40300E2B5FB /* RxCocoa in Frameworks */ = {isa = PBXBuildFile; productRef = 56A45FCD2BA1C40300E2B5FB /* RxCocoa */; };
		56A45FD42BA1C40300E2B5FB /* RxSwift in Frameworks */ = {isa = PBXBuildFile; productRef = 56A45FD32BA1C40300E2B5FB /* RxSwift */; };
		56A45FDC2BA1C64F00E2B5FB /* ToDoTableViewCell.swift in Sources */ = {isa = PBXBuildFile; fileRef = 56A45FDB2BA1C64F00E2B5FB /* ToDoTableViewCell.swift */; };
/* End PBXBuildFile section */

/* Begin PBXFileReference section */
		56A45F812BA1B31A00E2B5FB /* ToDoList-sqlite(Work).app */ = {isa = PBXFileReference; explicitFileType = wrapper.application; includeInIndex = 0; path = "ToDoList-sqlite(Work).app"; sourceTree = BUILT_PRODUCTS_DIR; };
		56A45F842BA1B31A00E2B5FB /* AppDelegate.swift */ = {isa = PBXFileReference; lastKnownFileType = sourcecode.swift; path = AppDelegate.swift; sourceTree = "<group>"; };
		56A45F862BA1B31A00E2B5FB /* SceneDelegate.swift */ = {isa = PBXFileReference; lastKnownFileType = sourcecode.swift; path = SceneDelegate.swift; sourceTree = "<group>"; };
		56A45F882BA1B31A00E2B5FB /* MainView.swift */ = {isa = PBXFileReference; lastKnownFileType = sourcecode.swift; path = MainView.swift; sourceTree = "<group>"; };
		56A45F8B2BA1B31A00E2B5FB /* Base */ = {isa = PBXFileReference; lastKnownFileType = file.storyboard; name = Base; path = Base.lproj/Main.storyboard; sourceTree = "<group>"; };
		56A45F8D2BA1B31D00E2B5FB /* Assets.xcassets */ = {isa = PBXFileReference; lastKnownFileType = folder.assetcatalog; path = Assets.xcassets; sourceTree = "<group>"; };
		56A45F902BA1B31D00E2B5FB /* Base */ = {isa = PBXFileReference; lastKnownFileType = file.storyboard; name = Base; path = Base.lproj/LaunchScreen.storyboard; sourceTree = "<group>"; };
		56A45F922BA1B31D00E2B5FB /* Info.plist */ = {isa = PBXFileReference; lastKnownFileType = text.plist.xml; path = Info.plist; sourceTree = "<group>"; };
		56A45F982BA1B94600E2B5FB /* PlanView.swift */ = {isa = PBXFileReference; lastKnownFileType = sourcecode.swift; path = PlanView.swift; sourceTree = "<group>"; };
		56A45F9E2BA1BF0C00E2B5FB /* DetailView.swift */ = {isa = PBXFileReference; lastKnownFileType = sourcecode.swift; path = DetailView.swift; sourceTree = "<group>"; };
		56A45FA32BA1C0FA00E2B5FB /* MainViewModel.swift */ = {isa = PBXFileReference; lastKnownFileType = sourcecode.swift; path = MainViewModel.swift; sourceTree = "<group>"; };
		56A45FA52BA1C10700E2B5FB /* DetailViewModel.swift */ = {isa = PBXFileReference; lastKnownFileType = sourcecode.swift; path = DetailViewModel.swift; sourceTree = "<group>"; };
		56A45FA72BA1C10F00E2B5FB /* PlanViewModel.swift */ = {isa = PBXFileReference; lastKnownFileType = sourcecode.swift; path = PlanViewModel.swift; sourceTree = "<group>"; };
		56A45FA92BA1C16600E2B5FB /* Repository.swift */ = {isa = PBXFileReference; lastKnownFileType = sourcecode.swift; path = Repository.swift; sourceTree = "<group>"; };
		56A45FAB2BA1C17500E2B5FB /* Entity.swift */ = {isa = PBXFileReference; lastKnownFileType = sourcecode.swift; path = Entity.swift; sourceTree = "<group>"; };
		56A45FAE2BA1C2EB00E2B5FB /* libsqlite3.tbd */ = {isa = PBXFileReference; lastKnownFileType = "sourcecode.text-based-dylib-definition"; name = libsqlite3.tbd; path = usr/lib/libsqlite3.tbd; sourceTree = SDKROOT; };
		56A45FAF2BA1C32800E2B5FB /* ToDoList-sqlite(Work)-Bridging-Header.h */ = {isa = PBXFileReference; lastKnownFileType = sourcecode.c.h; path = "ToDoList-sqlite(Work)-Bridging-Header.h"; sourceTree = "<group>"; };
		56A45FB02BA1C32800E2B5FB /* FMDatabaseQueue.m */ = {isa = PBXFileReference; fileEncoding = 4; lastKnownFileType = sourcecode.c.objc; path = FMDatabaseQueue.m; sourceTree = "<group>"; };
		56A45FB12BA1C32800E2B5FB /* FMResultSet.m */ = {isa = PBXFileReference; fileEncoding = 4; lastKnownFileType = sourcecode.c.objc; path = FMResultSet.m; sourceTree = "<group>"; };
		56A45FB22BA1C32800E2B5FB /* FMDatabase.m */ = {isa = PBXFileReference; fileEncoding = 4; lastKnownFileType = sourcecode.c.objc; path = FMDatabase.m; sourceTree = "<group>"; };
		56A45FB32BA1C32900E2B5FB /* FMDatabaseAdditions.h */ = {isa = PBXFileReference; fileEncoding = 4; lastKnownFileType = sourcecode.c.h; path = FMDatabaseAdditions.h; sourceTree = "<group>"; };
		56A45FB42BA1C32900E2B5FB /* FMDatabaseQueue.h */ = {isa = PBXFileReference; fileEncoding = 4; lastKnownFileType = sourcecode.c.h; path = FMDatabaseQueue.h; sourceTree = "<group>"; };
		56A45FB52BA1C32900E2B5FB /* FMResultSet.h */ = {isa = PBXFileReference; fileEncoding = 4; lastKnownFileType = sourcecode.c.h; path = FMResultSet.h; sourceTree = "<group>"; };
		56A45FB62BA1C32900E2B5FB /* FMDatabasePool.h */ = {isa = PBXFileReference; fileEncoding = 4; lastKnownFileType = sourcecode.c.h; path = FMDatabasePool.h; sourceTree = "<group>"; };
		56A45FB72BA1C32900E2B5FB /* FMDatabase.h */ = {isa = PBXFileReference; fileEncoding = 4; lastKnownFileType = sourcecode.c.h; path = FMDatabase.h; sourceTree = "<group>"; };
		56A45FB82BA1C32900E2B5FB /* FMDB.h */ = {isa = PBXFileReference; fileEncoding = 4; lastKnownFileType = sourcecode.c.h; path = FMDB.h; sourceTree = "<group>"; };
		56A45FB92BA1C32900E2B5FB /* FMDatabasePool.m */ = {isa = PBXFileReference; fileEncoding = 4; lastKnownFileType = sourcecode.c.objc; path = FMDatabasePool.m; sourceTree = "<group>"; };
		56A45FBA2BA1C32900E2B5FB /* FMDatabaseAdditions.m */ = {isa = PBXFileReference; fileEncoding = 4; lastKnownFileType = sourcecode.c.objc; path = FMDatabaseAdditions.m; sourceTree = "<group>"; };
		56A45FC02BA1C37400E2B5FB /* todo.sqlite */ = {isa = PBXFileReference; lastKnownFileType = file; path = todo.sqlite; sourceTree = SOURCE_ROOT; };
		56A45FDB2BA1C64F00E2B5FB /* ToDoTableViewCell.swift */ = {isa = PBXFileReference; lastKnownFileType = sourcecode.swift; path = ToDoTableViewCell.swift; sourceTree = "<group>"; };
/* End PBXFileReference section */

/* Begin PBXFrameworksBuildPhase section */
		56A45F7E2BA1B31A00E2B5FB /* Frameworks */ = {
			isa = PBXFrameworksBuildPhase;
			buildActionMask = 2147483647;
			files = (
				56A45FD42BA1C40300E2B5FB /* RxSwift in Frameworks */,
				56A45FCE2BA1C40300E2B5FB /* RxCocoa in Frameworks */,
			);
			runOnlyForDeploymentPostprocessing = 0;
		};
/* End PBXFrameworksBuildPhase section */

/* Begin PBXGroup section */
		56A45F782BA1B31A00E2B5FB = {
			isa = PBXGroup;
			children = (
				56A45F832BA1B31A00E2B5FB /* ToDoList-sqlite(Work) */,
				56A45F822BA1B31A00E2B5FB /* Products */,
				56A45FAD2BA1C2EA00E2B5FB /* Frameworks */,
			);
			sourceTree = "<group>";
		};
		56A45F822BA1B31A00E2B5FB /* Products */ = {
			isa = PBXGroup;
			children = (
				56A45F812BA1B31A00E2B5FB /* ToDoList-sqlite(Work).app */,
			);
			name = Products;
			sourceTree = "<group>";
		};
		56A45F832BA1B31A00E2B5FB /* ToDoList-sqlite(Work) */ = {
			isa = PBXGroup;
			children = (
				56A45F842BA1B31A00E2B5FB /* AppDelegate.swift */,
				56A45F862BA1B31A00E2B5FB /* SceneDelegate.swift */,
				56A45F9A2BA1BECF00E2B5FB /* Model */,
				56A45F9B2BA1BED300E2B5FB /* View */,
				56A45F9C2BA1BEE000E2B5FB /* ViewModel */,
				56A45F9D2BA1BEED00E2B5FB /* Data */,
				56A45F8A2BA1B31A00E2B5FB /* Main.storyboard */,
				56A45F8D2BA1B31D00E2B5FB /* Assets.xcassets */,
				56A45F8F2BA1B31D00E2B5FB /* LaunchScreen.storyboard */,
				56A45F922BA1B31D00E2B5FB /* Info.plist */,
				56A45FB72BA1C32900E2B5FB /* FMDatabase.h */,
				56A45FB22BA1C32800E2B5FB /* FMDatabase.m */,
				56A45FB32BA1C32900E2B5FB /* FMDatabaseAdditions.h */,
				56A45FBA2BA1C32900E2B5FB /* FMDatabaseAdditions.m */,
				56A45FB62BA1C32900E2B5FB /* FMDatabasePool.h */,
				56A45FB92BA1C32900E2B5FB /* FMDatabasePool.m */,
				56A45FB42BA1C32900E2B5FB /* FMDatabaseQueue.h */,
				56A45FB02BA1C32800E2B5FB /* FMDatabaseQueue.m */,
				56A45FB82BA1C32900E2B5FB /* FMDB.h */,
				56A45FB52BA1C32900E2B5FB /* FMResultSet.h */,
				56A45FB12BA1C32800E2B5FB /* FMResultSet.m */,
				56A45FAF2BA1C32800E2B5FB /* ToDoList-sqlite(Work)-Bridging-Header.h */,
				56A45FC02BA1C37400E2B5FB /* todo.sqlite */,
			);
			path = "ToDoList-sqlite(Work)";
			sourceTree = "<group>";
		};
		56A45F9A2BA1BECF00E2B5FB /* Model */ = {
			isa = PBXGroup;
			children = (
				56A45FAB2BA1C17500E2B5FB /* Entity.swift */,
			);
			path = Model;
			sourceTree = "<group>";
		};
		56A45F9B2BA1BED300E2B5FB /* View */ = {
			isa = PBXGroup;
			children = (
				56A45FA02BA1C02E00E2B5FB /* TableView */,
				56A45F882BA1B31A00E2B5FB /* MainView.swift */,
				56A45F9E2BA1BF0C00E2B5FB /* DetailView.swift */,
				56A45F982BA1B94600E2B5FB /* PlanView.swift */,
			);
			path = View;
			sourceTree = "<group>";
		};
		56A45F9C2BA1BEE000E2B5FB /* ViewModel */ = {
			isa = PBXGroup;
			children = (
				56A45FA32BA1C0FA00E2B5FB /* MainViewModel.swift */,
				56A45FA52BA1C10700E2B5FB /* DetailViewModel.swift */,
				56A45FA72BA1C10F00E2B5FB /* PlanViewModel.swift */,
			);
			path = ViewModel;
			sourceTree = "<group>";
		};
		56A45F9D2BA1BEED00E2B5FB /* Data */ = {
			isa = PBXGroup;
			children = (
				56A45FA92BA1C16600E2B5FB /* Repository.swift */,
			);
			path = Data;
			sourceTree = "<group>";
		};
		56A45FA02BA1C02E00E2B5FB /* TableView */ = {
			isa = PBXGroup;
			children = (
				56A45FDB2BA1C64F00E2B5FB /* ToDoTableViewCell.swift */,
			);
			path = TableView;
			sourceTree = "<group>";
		};
		56A45FAD2BA1C2EA00E2B5FB /* Frameworks */ = {
			isa = PBXGroup;
			children = (
				56A45FAE2BA1C2EB00E2B5FB /* libsqlite3.tbd */,
			);
			name = Frameworks;
			sourceTree = "<group>";
		};
/* End PBXGroup section */

/* Begin PBXNativeTarget section */
		56A45F802BA1B31A00E2B5FB /* ToDoList-sqlite(Work) */ = {
			isa = PBXNativeTarget;
			buildConfigurationList = 56A45F952BA1B31D00E2B5FB /* Build configuration list for PBXNativeTarget "ToDoList-sqlite(Work)" */;
			buildPhases = (
				56A45F7D2BA1B31A00E2B5FB /* Sources */,
				56A45F7E2BA1B31A00E2B5FB /* Frameworks */,
				56A45F7F2BA1B31A00E2B5FB /* Resources */,
			);
			buildRules = (
			);
			dependencies = (
			);
			name = "ToDoList-sqlite(Work)";
			packageProductDependencies = (
				56A45FCD2BA1C40300E2B5FB /* RxCocoa */,
				56A45FD32BA1C40300E2B5FB /* RxSwift */,
			);
			productName = "ToDoList-sqlite(Work)";
			productReference = 56A45F812BA1B31A00E2B5FB /* ToDoList-sqlite(Work).app */;
			productType = "com.apple.product-type.application";
		};
/* End PBXNativeTarget section */

/* Begin PBXProject section */
		56A45F792BA1B31A00E2B5FB /* Project object */ = {
			isa = PBXProject;
			attributes = {
				BuildIndependentTargetsInParallel = 1;
				LastSwiftUpdateCheck = 1510;
				LastUpgradeCheck = 1510;
				TargetAttributes = {
					56A45F802BA1B31A00E2B5FB = {
						CreatedOnToolsVersion = 15.1;
						LastSwiftMigration = 1510;
					};
				};
			};
			buildConfigurationList = 56A45F7C2BA1B31A00E2B5FB /* Build configuration list for PBXProject "ToDoList-sqlite(Work)" */;
			compatibilityVersion = "Xcode 14.0";
			developmentRegion = en;
			hasScannedForEncodings = 0;
			knownRegions = (
				en,
				Base,
			);
			mainGroup = 56A45F782BA1B31A00E2B5FB;
			packageReferences = (
				56A45FC22BA1C3AB00E2B5FB /* XCRemoteSwiftPackageReference "RxSwift" */,
			);
			productRefGroup = 56A45F822BA1B31A00E2B5FB /* Products */;
			projectDirPath = "";
			projectRoot = "";
			targets = (
				56A45F802BA1B31A00E2B5FB /* ToDoList-sqlite(Work) */,
			);
		};
/* End PBXProject section */

/* Begin PBXResourcesBuildPhase section */
		56A45F7F2BA1B31A00E2B5FB /* Resources */ = {
			isa = PBXResourcesBuildPhase;
			buildActionMask = 2147483647;
			files = (
				56A45F912BA1B31D00E2B5FB /* LaunchScreen.storyboard in Resources */,
				56A45FC12BA1C37400E2B5FB /* todo.sqlite in Resources */,
				56A45F8E2BA1B31D00E2B5FB /* Assets.xcassets in Resources */,
				56A45F8C2BA1B31A00E2B5FB /* Main.storyboard in Resources */,
			);
			runOnlyForDeploymentPostprocessing = 0;
		};
/* End PBXResourcesBuildPhase section */

/* Begin PBXSourcesBuildPhase section */
		56A45F7D2BA1B31A00E2B5FB /* Sources */ = {
			isa = PBXSourcesBuildPhase;
			buildActionMask = 2147483647;
			files = (
				56A45FA42BA1C0FA00E2B5FB /* MainViewModel.swift in Sources */,
				56A45F892BA1B31A00E2B5FB /* MainView.swift in Sources */,
				56A45F852BA1B31A00E2B5FB /* AppDelegate.swift in Sources */,
				56A45FBD2BA1C32900E2B5FB /* FMDatabase.m in Sources */,
				56A45FA82BA1C10F00E2B5FB /* PlanViewModel.swift in Sources */,
				56A45FBB2BA1C32900E2B5FB /* FMDatabaseQueue.m in Sources */,
				56A45FBF2BA1C32900E2B5FB /* FMDatabaseAdditions.m in Sources */,
				56A45FBE2BA1C32900E2B5FB /* FMDatabasePool.m in Sources */,
				56A45FBC2BA1C32900E2B5FB /* FMResultSet.m in Sources */,
				56A45F872BA1B31A00E2B5FB /* SceneDelegate.swift in Sources */,
				56A45F9F2BA1BF0C00E2B5FB /* DetailView.swift in Sources */,
				56A45FDC2BA1C64F00E2B5FB /* ToDoTableViewCell.swift in Sources */,
				56A45FAC2BA1C17500E2B5FB /* Entity.swift in Sources */,
				56A45FAA2BA1C16600E2B5FB /* Repository.swift in Sources */,
				56A45F992BA1B94600E2B5FB /* PlanView.swift in Sources */,
				56A45FA62BA1C10700E2B5FB /* DetailViewModel.swift in Sources */,
			);
			runOnlyForDeploymentPostprocessing = 0;
		};
/* End PBXSourcesBuildPhase section */

/* Begin PBXVariantGroup section */
		56A45F8A2BA1B31A00E2B5FB /* Main.storyboard */ = {
			isa = PBXVariantGroup;
			children = (
				56A45F8B2BA1B31A00E2B5FB /* Base */,
			);
			name = Main.storyboard;
			sourceTree = "<group>";
		};
		56A45F8F2BA1B31D00E2B5FB /* LaunchScreen.storyboard */ = {
			isa = PBXVariantGroup;
			children = (
				56A45F902BA1B31D00E2B5FB /* Base */,
			);
			name = LaunchScreen.storyboard;
			sourceTree = "<group>";
		};
/* End PBXVariantGroup section */

/* Begin XCBuildConfiguration section */
		56A45F932BA1B31D00E2B5FB /* Debug */ = {
			isa = XCBuildConfiguration;
			buildSettings = {
				ALWAYS_SEARCH_USER_PATHS = NO;
				ASSETCATALOG_COMPILER_GENERATE_SWIFT_ASSET_SYMBOL_EXTENSIONS = YES;
				CLANG_ANALYZER_NONNULL = YES;
				CLANG_ANALYZER_NUMBER_OBJECT_CONVERSION = YES_AGGRESSIVE;
				CLANG_CXX_LANGUAGE_STANDARD = "gnu++20";
				CLANG_ENABLE_MODULES = YES;
				CLANG_ENABLE_OBJC_ARC = YES;
				CLANG_ENABLE_OBJC_WEAK = YES;
				CLANG_WARN_BLOCK_CAPTURE_AUTORELEASING = YES;
				CLANG_WARN_BOOL_CONVERSION = YES;
				CLANG_WARN_COMMA = YES;
				CLANG_WARN_CONSTANT_CONVERSION = YES;
				CLANG_WARN_DEPRECATED_OBJC_IMPLEMENTATIONS = YES;
				CLANG_WARN_DIRECT_OBJC_ISA_USAGE = YES_ERROR;
				CLANG_WARN_DOCUMENTATION_COMMENTS = YES;
				CLANG_WARN_EMPTY_BODY = YES;
				CLANG_WARN_ENUM_CONVERSION = YES;
				CLANG_WARN_INFINITE_RECURSION = YES;
				CLANG_WARN_INT_CONVERSION = YES;
				CLANG_WARN_NON_LITERAL_NULL_CONVERSION = YES;
				CLANG_WARN_OBJC_IMPLICIT_RETAIN_SELF = YES;
				CLANG_WARN_OBJC_LITERAL_CONVERSION = YES;
				CLANG_WARN_OBJC_ROOT_CLASS = YES_ERROR;
				CLANG_WARN_QUOTED_INCLUDE_IN_FRAMEWORK_HEADER = YES;
				CLANG_WARN_RANGE_LOOP_ANALYSIS = YES;
				CLANG_WARN_STRICT_PROTOTYPES = YES;
				CLANG_WARN_SUSPICIOUS_MOVE = YES;
				CLANG_WARN_UNGUARDED_AVAILABILITY = YES_AGGRESSIVE;
				CLANG_WARN_UNREACHABLE_CODE = YES;
				CLANG_WARN__DUPLICATE_METHOD_MATCH = YES;
				COPY_PHASE_STRIP = NO;
				DEBUG_INFORMATION_FORMAT = dwarf;
				ENABLE_STRICT_OBJC_MSGSEND = YES;
				ENABLE_TESTABILITY = YES;
				ENABLE_USER_SCRIPT_SANDBOXING = YES;
				GCC_C_LANGUAGE_STANDARD = gnu17;
				GCC_DYNAMIC_NO_PIC = NO;
				GCC_NO_COMMON_BLOCKS = YES;
				GCC_OPTIMIZATION_LEVEL = 0;
				GCC_PREPROCESSOR_DEFINITIONS = (
					"DEBUG=1",
					"$(inherited)",
				);
				GCC_WARN_64_TO_32_BIT_CONVERSION = YES;
				GCC_WARN_ABOUT_RETURN_TYPE = YES_ERROR;
				GCC_WARN_UNDECLARED_SELECTOR = YES;
				GCC_WARN_UNINITIALIZED_AUTOS = YES_AGGRESSIVE;
				GCC_WARN_UNUSED_FUNCTION = YES;
				GCC_WARN_UNUSED_VARIABLE = YES;
				IPHONEOS_DEPLOYMENT_TARGET = 17.2;
				LOCALIZATION_PREFERS_STRING_CATALOGS = YES;
				MTL_ENABLE_DEBUG_INFO = INCLUDE_SOURCE;
				MTL_FAST_MATH = YES;
				ONLY_ACTIVE_ARCH = YES;
				SDKROOT = iphoneos;
				SWIFT_ACTIVE_COMPILATION_CONDITIONS = "DEBUG $(inherited)";
				SWIFT_OPTIMIZATION_LEVEL = "-Onone";
			};
			name = Debug;
		};
		56A45F942BA1B31D00E2B5FB /* Release */ = {
			isa = XCBuildConfiguration;
			buildSettings = {
				ALWAYS_SEARCH_USER_PATHS = NO;
				ASSETCATALOG_COMPILER_GENERATE_SWIFT_ASSET_SYMBOL_EXTENSIONS = YES;
				CLANG_ANALYZER_NONNULL = YES;
				CLANG_ANALYZER_NUMBER_OBJECT_CONVERSION = YES_AGGRESSIVE;
				CLANG_CXX_LANGUAGE_STANDARD = "gnu++20";
				CLANG_ENABLE_MODULES = YES;
				CLANG_ENABLE_OBJC_ARC = YES;
				CLANG_ENABLE_OBJC_WEAK = YES;
				CLANG_WARN_BLOCK_CAPTURE_AUTORELEASING = YES;
				CLANG_WARN_BOOL_CONVERSION = YES;
				CLANG_WARN_COMMA = YES;
				CLANG_WARN_CONSTANT_CONVERSION = YES;
				CLANG_WARN_DEPRECATED_OBJC_IMPLEMENTATIONS = YES;
				CLANG_WARN_DIRECT_OBJC_ISA_USAGE = YES_ERROR;
				CLANG_WARN_DOCUMENTATION_COMMENTS = YES;
				CLANG_WARN_EMPTY_BODY = YES;
				CLANG_WARN_ENUM_CONVERSION = YES;
				CLANG_WARN_INFINITE_RECURSION = YES;
				CLANG_WARN_INT_CONVERSION = YES;
				CLANG_WARN_NON_LITERAL_NULL_CONVERSION = YES;
				CLANG_WARN_OBJC_IMPLICIT_RETAIN_SELF = YES;
				CLANG_WARN_OBJC_LITERAL_CONVERSION = YES;
				CLANG_WARN_OBJC_ROOT_CLASS = YES_ERROR;
				CLANG_WARN_QUOTED_INCLUDE_IN_FRAMEWORK_HEADER = YES;
				CLANG_WARN_RANGE_LOOP_ANALYSIS = YES;
				CLANG_WARN_STRICT_PROTOTYPES = YES;
				CLANG_WARN_SUSPICIOUS_MOVE = YES;
				CLANG_WARN_UNGUARDED_AVAILABILITY = YES_AGGRESSIVE;
				CLANG_WARN_UNREACHABLE_CODE = YES;
				CLANG_WARN__DUPLICATE_METHOD_MATCH = YES;
				COPY_PHASE_STRIP = NO;
				DEBUG_INFORMATION_FORMAT = "dwarf-with-dsym";
				ENABLE_NS_ASSERTIONS = NO;
				ENABLE_STRICT_OBJC_MSGSEND = YES;
				ENABLE_USER_SCRIPT_SANDBOXING = YES;
				GCC_C_LANGUAGE_STANDARD = gnu17;
				GCC_NO_COMMON_BLOCKS = YES;
				GCC_WARN_64_TO_32_BIT_CONVERSION = YES;
				GCC_WARN_ABOUT_RETURN_TYPE = YES_ERROR;
				GCC_WARN_UNDECLARED_SELECTOR = YES;
				GCC_WARN_UNINITIALIZED_AUTOS = YES_AGGRESSIVE;
				GCC_WARN_UNUSED_FUNCTION = YES;
				GCC_WARN_UNUSED_VARIABLE = YES;
				IPHONEOS_DEPLOYMENT_TARGET = 17.2;
				LOCALIZATION_PREFERS_STRING_CATALOGS = YES;
				MTL_ENABLE_DEBUG_INFO = NO;
				MTL_FAST_MATH = YES;
				SDKROOT = iphoneos;
				SWIFT_COMPILATION_MODE = wholemodule;
				VALIDATE_PRODUCT = YES;
			};
			name = Release;
		};
		56A45F962BA1B31D00E2B5FB /* Debug */ = {
			isa = XCBuildConfiguration;
			buildSettings = {
				ASSETCATALOG_COMPILER_APPICON_NAME = AppIcon;
				ASSETCATALOG_COMPILER_GLOBAL_ACCENT_COLOR_NAME = AccentColor;
				CLANG_ENABLE_MODULES = YES;
				CODE_SIGN_STYLE = Automatic;
				CURRENT_PROJECT_VERSION = 1;
				DEVELOPMENT_TEAM = 7C94QN45FD;
				GENERATE_INFOPLIST_FILE = YES;
				INFOPLIST_FILE = "ToDoList-sqlite(Work)/Info.plist";
				INFOPLIST_KEY_UIApplicationSupportsIndirectInputEvents = YES;
				INFOPLIST_KEY_UILaunchStoryboardName = LaunchScreen;
				INFOPLIST_KEY_UIMainStoryboardFile = Main;
				INFOPLIST_KEY_UISupportedInterfaceOrientations_iPad = "UIInterfaceOrientationPortrait UIInterfaceOrientationPortraitUpsideDown UIInterfaceOrientationLandscapeLeft UIInterfaceOrientationLandscapeRight";
				INFOPLIST_KEY_UISupportedInterfaceOrientations_iPhone = "UIInterfaceOrientationPortrait UIInterfaceOrientationLandscapeLeft UIInterfaceOrientationLandscapeRight";
				LD_RUNPATH_SEARCH_PATHS = (
					"$(inherited)",
					"@executable_path/Frameworks",
				);
				MARKETING_VERSION = 1.0;
				PRODUCT_BUNDLE_IDENTIFIER = "com.DwozStudio.ToDoList-sqlite-Work-";
				PRODUCT_NAME = "$(TARGET_NAME)";
				SWIFT_EMIT_LOC_STRINGS = YES;
				SWIFT_OBJC_BRIDGING_HEADER = "ToDoList-sqlite(Work)/ToDoList-sqlite(Work)-Bridging-Header.h";
				SWIFT_OPTIMIZATION_LEVEL = "-Onone";
				SWIFT_VERSION = 5.0;
				TARGETED_DEVICE_FAMILY = "1,2";
			};
			name = Debug;
		};
		56A45F972BA1B31D00E2B5FB /* Release */ = {
			isa = XCBuildConfiguration;
			buildSettings = {
				ASSETCATALOG_COMPILER_APPICON_NAME = AppIcon;
				ASSETCATALOG_COMPILER_GLOBAL_ACCENT_COLOR_NAME = AccentColor;
				CLANG_ENABLE_MODULES = YES;
				CODE_SIGN_STYLE = Automatic;
				CURRENT_PROJECT_VERSION = 1;
				DEVELOPMENT_TEAM = 7C94QN45FD;
				GENERATE_INFOPLIST_FILE = YES;
				INFOPLIST_FILE = "ToDoList-sqlite(Work)/Info.plist";
				INFOPLIST_KEY_UIApplicationSupportsIndirectInputEvents = YES;
				INFOPLIST_KEY_UILaunchStoryboardName = LaunchScreen;
				INFOPLIST_KEY_UIMainStoryboardFile = Main;
				INFOPLIST_KEY_UISupportedInterfaceOrientations_iPad = "UIInterfaceOrientationPortrait UIInterfaceOrientationPortraitUpsideDown UIInterfaceOrientationLandscapeLeft UIInterfaceOrientationLandscapeRight";
				INFOPLIST_KEY_UISupportedInterfaceOrientations_iPhone = "UIInterfaceOrientationPortrait UIInterfaceOrientationLandscapeLeft UIInterfaceOrientationLandscapeRight";
				LD_RUNPATH_SEARCH_PATHS = (
					"$(inherited)",
					"@executable_path/Frameworks",
				);
				MARKETING_VERSION = 1.0;
				PRODUCT_BUNDLE_IDENTIFIER = "com.DwozStudio.ToDoList-sqlite-Work-";
				PRODUCT_NAME = "$(TARGET_NAME)";
				SWIFT_EMIT_LOC_STRINGS = YES;
				SWIFT_OBJC_BRIDGING_HEADER = "ToDoList-sqlite(Work)/ToDoList-sqlite(Work)-Bridging-Header.h";
				SWIFT_VERSION = 5.0;
				TARGETED_DEVICE_FAMILY = "1,2";
			};
			name = Release;
		};
/* End XCBuildConfiguration section */

/* Begin XCConfigurationList section */
		56A45F7C2BA1B31A00E2B5FB /* Build configuration list for PBXProject "ToDoList-sqlite(Work)" */ = {
			isa = XCConfigurationList;
			buildConfigurations = (
				56A45F932BA1B31D00E2B5FB /* Debug */,
				56A45F942BA1B31D00E2B5FB /* Release */,
			);
			defaultConfigurationIsVisible = 0;
			defaultConfigurationName = Release;
		};
		56A45F952BA1B31D00E2B5FB /* Build configuration list for PBXNativeTarget "ToDoList-sqlite(Work)" */ = {
			isa = XCConfigurationList;
			buildConfigurations = (
				56A45F962BA1B31D00E2B5FB /* Debug */,
				56A45F972BA1B31D00E2B5FB /* Release */,
			);
			defaultConfigurationIsVisible = 0;
			defaultConfigurationName = Release;
		};
/* End XCConfigurationList section */

/* Begin XCRemoteSwiftPackageReference section */
		56A45FC22BA1C3AB00E2B5FB /* XCRemoteSwiftPackageReference "RxSwift" */ = {
			isa = XCRemoteSwiftPackageReference;
			repositoryURL = "https://github.com/ReactiveX/RxSwift.git";
			requirement = {
				kind = upToNextMajorVersion;
				minimumVersion = 6.6.0;
			};
		};
/* End XCRemoteSwiftPackageReference section */

/* Begin XCSwiftPackageProductDependency section */
		56A45FCD2BA1C40300E2B5FB /* RxCocoa */ = {
			isa = XCSwiftPackageProductDependency;
			package = 56A45FC22BA1C3AB00E2B5FB /* XCRemoteSwiftPackageReference "RxSwift" */;
			productName = RxCocoa;
		};
		56A45FD32BA1C40300E2B5FB /* RxSwift */ = {
			isa = XCSwiftPackageProductDependency;
			package = 56A45FC22BA1C3AB00E2B5FB /* XCRemoteSwiftPackageReference "RxSwift" */;
			productName = RxSwift;
		};
/* End XCSwiftPackageProductDependency section */
	};
	rootObject = 56A45F792BA1B31A00E2B5FB /* Project object */;
}
